// !$*UTF8*$!
{
	archiveVersion = 1;
	classes = {
	};
	objectVersion = 50;
	objects = {

/* Begin PBXBuildFile section */
		C819CC0D21B8B0E000F03FCE /* Theme.swift in Sources */ = {isa = PBXBuildFile; fileRef = C819CC0C21B8B0E000F03FCE /* Theme.swift */; };
		C828518621B904E40014FBB9 /* SearchManager.swift in Sources */ = {isa = PBXBuildFile; fileRef = C828518521B904E40014FBB9 /* SearchManager.swift */; };
		C82C7E0A21BA4C0F0018CC35 /* SearchFooter.swift in Sources */ = {isa = PBXBuildFile; fileRef = C82C7E0921BA4C0F0018CC35 /* SearchFooter.swift */; };
		C833040421B649ED00BCB0F3 /* AppDelegate.swift in Sources */ = {isa = PBXBuildFile; fileRef = C833040321B649ED00BCB0F3 /* AppDelegate.swift */; };
		C833040921B649ED00BCB0F3 /* Main.storyboard in Resources */ = {isa = PBXBuildFile; fileRef = C833040721B649ED00BCB0F3 /* Main.storyboard */; };
		C833040B21B649F000BCB0F3 /* Assets.xcassets in Resources */ = {isa = PBXBuildFile; fileRef = C833040A21B649F000BCB0F3 /* Assets.xcassets */; };
		C833040E21B649F000BCB0F3 /* LaunchScreen.storyboard in Resources */ = {isa = PBXBuildFile; fileRef = C833040C21B649F000BCB0F3 /* LaunchScreen.storyboard */; };
		C833041921B649F000BCB0F3 /* HelloViperTests.swift in Sources */ = {isa = PBXBuildFile; fileRef = C833041821B649F000BCB0F3 /* HelloViperTests.swift */; };
		C833042421B649F000BCB0F3 /* HelloViperUITests.swift in Sources */ = {isa = PBXBuildFile; fileRef = C833042321B649F000BCB0F3 /* HelloViperUITests.swift */; };
		C833044621B6539800BCB0F3 /* Candy.swift in Sources */ = {isa = PBXBuildFile; fileRef = C833044521B6539800BCB0F3 /* Candy.swift */; };
		C833044821B653D600BCB0F3 /* DataManager.swift in Sources */ = {isa = PBXBuildFile; fileRef = C833044721B653D600BCB0F3 /* DataManager.swift */; };
		C833044B21B6544A00BCB0F3 /* CandyListViewController.swift in Sources */ = {isa = PBXBuildFile; fileRef = C833044A21B6544A00BCB0F3 /* CandyListViewController.swift */; };
		C833044E21B6554400BCB0F3 /* CandyListPresenter.swift in Sources */ = {isa = PBXBuildFile; fileRef = C833044D21B6554400BCB0F3 /* CandyListPresenter.swift */; };
		C833045121B655C400BCB0F3 /* CandyListProtocols.swift in Sources */ = {isa = PBXBuildFile; fileRef = C833045021B655C400BCB0F3 /* CandyListProtocols.swift */; };
		C833045421B6571500BCB0F3 /* CandyListInteractor.swift in Sources */ = {isa = PBXBuildFile; fileRef = C833045321B6571500BCB0F3 /* CandyListInteractor.swift */; };
		C833045721B65F2400BCB0F3 /* CandyListWireframe.swift in Sources */ = {isa = PBXBuildFile; fileRef = C833045621B65F2400BCB0F3 /* CandyListWireframe.swift */; };
		C833045921B65F9500BCB0F3 /* CandyDetailViewController.swift in Sources */ = {isa = PBXBuildFile; fileRef = C833045821B65F9500BCB0F3 /* CandyDetailViewController.swift */; };
		C833046021B6643200BCB0F3 /* CandyDetailProtocols.swift in Sources */ = {isa = PBXBuildFile; fileRef = C833045F21B6643200BCB0F3 /* CandyDetailProtocols.swift */; };
		C833046221B6649200BCB0F3 /* CandyDetailWireFrame.swift in Sources */ = {isa = PBXBuildFile; fileRef = C833046121B6649200BCB0F3 /* CandyDetailWireFrame.swift */; };
		C833046421B664F400BCB0F3 /* CandyDetailPresenter.swift in Sources */ = {isa = PBXBuildFile; fileRef = C833046321B664F400BCB0F3 /* CandyDetailPresenter.swift */; };
		C8CC4AA421B7A89F006321E7 /* CandyDataSource.swift in Sources */ = {isa = PBXBuildFile; fileRef = C8CC4AA321B7A89F006321E7 /* CandyDataSource.swift */; };
		C8CC4AA621B7AA43006321E7 /* CandyTableViewDelegate.swift in Sources */ = {isa = PBXBuildFile; fileRef = C8CC4AA521B7AA43006321E7 /* CandyTableViewDelegate.swift */; };
		C8CC4AA821B7B09C006321E7 /* CandyTableViewCell.swift in Sources */ = {isa = PBXBuildFile; fileRef = C8CC4AA721B7B09C006321E7 /* CandyTableViewCell.swift */; };
		C8CC4AAA21B7B0FA006321E7 /* CandyTableView.swift in Sources */ = {isa = PBXBuildFile; fileRef = C8CC4AA921B7B0FA006321E7 /* CandyTableView.swift */; };
		C8CC4AAD21B7B679006321E7 /* Extensions.swift in Sources */ = {isa = PBXBuildFile; fileRef = C8CC4AAC21B7B679006321E7 /* Extensions.swift */; };
/* End PBXBuildFile section */

/* Begin PBXContainerItemProxy section */
		C833041521B649F000BCB0F3 /* PBXContainerItemProxy */ = {
			isa = PBXContainerItemProxy;
			containerPortal = C83303F821B649ED00BCB0F3 /* Project object */;
			proxyType = 1;
			remoteGlobalIDString = C83303FF21B649ED00BCB0F3;
			remoteInfo = HelloViper;
		};
		C833042021B649F000BCB0F3 /* PBXContainerItemProxy */ = {
			isa = PBXContainerItemProxy;
			containerPortal = C83303F821B649ED00BCB0F3 /* Project object */;
			proxyType = 1;
			remoteGlobalIDString = C83303FF21B649ED00BCB0F3;
			remoteInfo = HelloViper;
		};
/* End PBXContainerItemProxy section */

/* Begin PBXFileReference section */
		C819CC0C21B8B0E000F03FCE /* Theme.swift */ = {isa = PBXFileReference; lastKnownFileType = sourcecode.swift; path = Theme.swift; sourceTree = "<group>"; };
		C828518521B904E40014FBB9 /* SearchManager.swift */ = {isa = PBXFileReference; fileEncoding = 4; lastKnownFileType = sourcecode.swift; path = SearchManager.swift; sourceTree = "<group>"; };
		C82C7E0921BA4C0F0018CC35 /* SearchFooter.swift */ = {isa = PBXFileReference; lastKnownFileType = sourcecode.swift; path = SearchFooter.swift; sourceTree = "<group>"; };
		C833040021B649ED00BCB0F3 /* HelloViper.app */ = {isa = PBXFileReference; explicitFileType = wrapper.application; includeInIndex = 0; path = HelloViper.app; sourceTree = BUILT_PRODUCTS_DIR; };
		C833040321B649ED00BCB0F3 /* AppDelegate.swift */ = {isa = PBXFileReference; lastKnownFileType = sourcecode.swift; path = AppDelegate.swift; sourceTree = "<group>"; };
		C833040821B649ED00BCB0F3 /* Base */ = {isa = PBXFileReference; lastKnownFileType = file.storyboard; name = Base; path = Base.lproj/Main.storyboard; sourceTree = "<group>"; };
		C833040A21B649F000BCB0F3 /* Assets.xcassets */ = {isa = PBXFileReference; lastKnownFileType = folder.assetcatalog; path = Assets.xcassets; sourceTree = "<group>"; };
		C833040D21B649F000BCB0F3 /* Base */ = {isa = PBXFileReference; lastKnownFileType = file.storyboard; name = Base; path = Base.lproj/LaunchScreen.storyboard; sourceTree = "<group>"; };
		C833040F21B649F000BCB0F3 /* Info.plist */ = {isa = PBXFileReference; lastKnownFileType = text.plist.xml; path = Info.plist; sourceTree = "<group>"; };
		C833041421B649F000BCB0F3 /* HelloViperTests.xctest */ = {isa = PBXFileReference; explicitFileType = wrapper.cfbundle; includeInIndex = 0; path = HelloViperTests.xctest; sourceTree = BUILT_PRODUCTS_DIR; };
		C833041821B649F000BCB0F3 /* HelloViperTests.swift */ = {isa = PBXFileReference; lastKnownFileType = sourcecode.swift; path = HelloViperTests.swift; sourceTree = "<group>"; };
		C833041A21B649F000BCB0F3 /* Info.plist */ = {isa = PBXFileReference; lastKnownFileType = text.plist.xml; path = Info.plist; sourceTree = "<group>"; };
		C833041F21B649F000BCB0F3 /* HelloViperUITests.xctest */ = {isa = PBXFileReference; explicitFileType = wrapper.cfbundle; includeInIndex = 0; path = HelloViperUITests.xctest; sourceTree = BUILT_PRODUCTS_DIR; };
		C833042321B649F000BCB0F3 /* HelloViperUITests.swift */ = {isa = PBXFileReference; lastKnownFileType = sourcecode.swift; path = HelloViperUITests.swift; sourceTree = "<group>"; };
		C833042521B649F000BCB0F3 /* Info.plist */ = {isa = PBXFileReference; lastKnownFileType = text.plist.xml; path = Info.plist; sourceTree = "<group>"; };
		C833044521B6539800BCB0F3 /* Candy.swift */ = {isa = PBXFileReference; lastKnownFileType = sourcecode.swift; path = Candy.swift; sourceTree = "<group>"; };
		C833044721B653D600BCB0F3 /* DataManager.swift */ = {isa = PBXFileReference; lastKnownFileType = sourcecode.swift; path = DataManager.swift; sourceTree = "<group>"; };
		C833044A21B6544A00BCB0F3 /* CandyListViewController.swift */ = {isa = PBXFileReference; lastKnownFileType = sourcecode.swift; path = CandyListViewController.swift; sourceTree = "<group>"; };
		C833044D21B6554400BCB0F3 /* CandyListPresenter.swift */ = {isa = PBXFileReference; lastKnownFileType = sourcecode.swift; path = CandyListPresenter.swift; sourceTree = "<group>"; };
		C833045021B655C400BCB0F3 /* CandyListProtocols.swift */ = {isa = PBXFileReference; lastKnownFileType = sourcecode.swift; path = CandyListProtocols.swift; sourceTree = "<group>"; };
		C833045321B6571500BCB0F3 /* CandyListInteractor.swift */ = {isa = PBXFileReference; lastKnownFileType = sourcecode.swift; path = CandyListInteractor.swift; sourceTree = "<group>"; };
		C833045621B65F2400BCB0F3 /* CandyListWireframe.swift */ = {isa = PBXFileReference; lastKnownFileType = sourcecode.swift; path = CandyListWireframe.swift; sourceTree = "<group>"; };
		C833045821B65F9500BCB0F3 /* CandyDetailViewController.swift */ = {isa = PBXFileReference; lastKnownFileType = sourcecode.swift; path = CandyDetailViewController.swift; sourceTree = "<group>"; };
		C833045F21B6643200BCB0F3 /* CandyDetailProtocols.swift */ = {isa = PBXFileReference; lastKnownFileType = sourcecode.swift; path = CandyDetailProtocols.swift; sourceTree = "<group>"; };
		C833046121B6649200BCB0F3 /* CandyDetailWireFrame.swift */ = {isa = PBXFileReference; lastKnownFileType = sourcecode.swift; path = CandyDetailWireFrame.swift; sourceTree = "<group>"; };
		C833046321B664F400BCB0F3 /* CandyDetailPresenter.swift */ = {isa = PBXFileReference; lastKnownFileType = sourcecode.swift; path = CandyDetailPresenter.swift; sourceTree = "<group>"; };
		C8CC4AA321B7A89F006321E7 /* CandyDataSource.swift */ = {isa = PBXFileReference; lastKnownFileType = sourcecode.swift; path = CandyDataSource.swift; sourceTree = "<group>"; };
		C8CC4AA521B7AA43006321E7 /* CandyTableViewDelegate.swift */ = {isa = PBXFileReference; lastKnownFileType = sourcecode.swift; path = CandyTableViewDelegate.swift; sourceTree = "<group>"; };
		C8CC4AA721B7B09C006321E7 /* CandyTableViewCell.swift */ = {isa = PBXFileReference; lastKnownFileType = sourcecode.swift; path = CandyTableViewCell.swift; sourceTree = "<group>"; };
		C8CC4AA921B7B0FA006321E7 /* CandyTableView.swift */ = {isa = PBXFileReference; lastKnownFileType = sourcecode.swift; path = CandyTableView.swift; sourceTree = "<group>"; };
		C8CC4AAC21B7B679006321E7 /* Extensions.swift */ = {isa = PBXFileReference; lastKnownFileType = sourcecode.swift; path = Extensions.swift; sourceTree = "<group>"; };
/* End PBXFileReference section */

/* Begin PBXFrameworksBuildPhase section */
		C83303FD21B649ED00BCB0F3 /* Frameworks */ = {
			isa = PBXFrameworksBuildPhase;
			buildActionMask = 2147483647;
			files = (
			);
			runOnlyForDeploymentPostprocessing = 0;
		};
		C833041121B649F000BCB0F3 /* Frameworks */ = {
			isa = PBXFrameworksBuildPhase;
			buildActionMask = 2147483647;
			files = (
			);
			runOnlyForDeploymentPostprocessing = 0;
		};
		C833041C21B649F000BCB0F3 /* Frameworks */ = {
			isa = PBXFrameworksBuildPhase;
			buildActionMask = 2147483647;
			files = (
			);
			runOnlyForDeploymentPostprocessing = 0;
		};
/* End PBXFrameworksBuildPhase section */

/* Begin PBXGroup section */
		C82C7E0721BA15640018CC35 /* Search */ = {
			isa = PBXGroup;
			children = (
				C828518521B904E40014FBB9 /* SearchManager.swift */,
			);
			path = Search;
			sourceTree = "<group>";
		};
		C82C7E0821BA1CD60018CC35 /* TableDelegate */ = {
			isa = PBXGroup;
			children = (
				C8CC4AA321B7A89F006321E7 /* CandyDataSource.swift */,
				C8CC4AA521B7AA43006321E7 /* CandyTableViewDelegate.swift */,
			);
			path = TableDelegate;
			sourceTree = "<group>";
		};
		C83303F721B649ED00BCB0F3 = {
			isa = PBXGroup;
			children = (
				C833040221B649ED00BCB0F3 /* HelloViper */,
				C833041721B649F000BCB0F3 /* HelloViperTests */,
				C833042221B649F000BCB0F3 /* HelloViperUITests */,
				C833040121B649ED00BCB0F3 /* Products */,
			);
			sourceTree = "<group>";
		};
		C833040121B649ED00BCB0F3 /* Products */ = {
			isa = PBXGroup;
			children = (
				C833040021B649ED00BCB0F3 /* HelloViper.app */,
				C833041421B649F000BCB0F3 /* HelloViperTests.xctest */,
				C833041F21B649F000BCB0F3 /* HelloViperUITests.xctest */,
			);
			name = Products;
			sourceTree = "<group>";
		};
		C833040221B649ED00BCB0F3 /* HelloViper */ = {
			isa = PBXGroup;
			children = (
				C833045A21B663C500BCB0F3 /* CandyDetail */,
				C833045521B65F0900BCB0F3 /* WireFrame */,
				C833045221B6570400BCB0F3 /* Interactor */,
				C833044F21B6559800BCB0F3 /* Protocols */,
				C833044C21B6551A00BCB0F3 /* Presenter */,
				C833044921B6543100BCB0F3 /* View */,
				C833044421B6538B00BCB0F3 /* Entity */,
				C82C7E0721BA15640018CC35 /* Search */,
				C8CC4AAB21B7B65C006321E7 /* Helper */,
				C8CC4AAE21B7D248006321E7 /* Model */,
				C833040321B649ED00BCB0F3 /* AppDelegate.swift */,
				C819CC0C21B8B0E000F03FCE /* Theme.swift */,
				C833040721B649ED00BCB0F3 /* Main.storyboard */,
				C833040A21B649F000BCB0F3 /* Assets.xcassets */,
				C833040C21B649F000BCB0F3 /* LaunchScreen.storyboard */,
				C833040F21B649F000BCB0F3 /* Info.plist */,
			);
			path = HelloViper;
			sourceTree = "<group>";
		};
		C833041721B649F000BCB0F3 /* HelloViperTests */ = {
			isa = PBXGroup;
			children = (
				C833041821B649F000BCB0F3 /* HelloViperTests.swift */,
				C833041A21B649F000BCB0F3 /* Info.plist */,
			);
			path = HelloViperTests;
			sourceTree = "<group>";
		};
		C833042221B649F000BCB0F3 /* HelloViperUITests */ = {
			isa = PBXGroup;
			children = (
				C833042321B649F000BCB0F3 /* HelloViperUITests.swift */,
				C833042521B649F000BCB0F3 /* Info.plist */,
			);
			path = HelloViperUITests;
			sourceTree = "<group>";
		};
		C833044421B6538B00BCB0F3 /* Entity */ = {
			isa = PBXGroup;
			children = (
				C833044521B6539800BCB0F3 /* Candy.swift */,
			);
			path = Entity;
			sourceTree = "<group>";
		};
		C833044921B6543100BCB0F3 /* View */ = {
			isa = PBXGroup;
			children = (
				C82C7E0821BA1CD60018CC35 /* TableDelegate */,
				C833044A21B6544A00BCB0F3 /* CandyListViewController.swift */,
				C8CC4AA721B7B09C006321E7 /* CandyTableViewCell.swift */,
				C8CC4AA921B7B0FA006321E7 /* CandyTableView.swift */,
				C82C7E0921BA4C0F0018CC35 /* SearchFooter.swift */,
			);
			path = View;
			sourceTree = "<group>";
		};
		C833044C21B6551A00BCB0F3 /* Presenter */ = {
			isa = PBXGroup;
			children = (
				C833044D21B6554400BCB0F3 /* CandyListPresenter.swift */,
			);
			path = Presenter;
			sourceTree = "<group>";
		};
		C833044F21B6559800BCB0F3 /* Protocols */ = {
			isa = PBXGroup;
			children = (
				C833045021B655C400BCB0F3 /* CandyListProtocols.swift */,
			);
			path = Protocols;
			sourceTree = "<group>";
		};
		C833045221B6570400BCB0F3 /* Interactor */ = {
			isa = PBXGroup;
			children = (
				C833045321B6571500BCB0F3 /* CandyListInteractor.swift */,
			);
			path = Interactor;
			sourceTree = "<group>";
		};
		C833045521B65F0900BCB0F3 /* WireFrame */ = {
			isa = PBXGroup;
			children = (
				C833045621B65F2400BCB0F3 /* CandyListWireframe.swift */,
			);
			path = WireFrame;
			sourceTree = "<group>";
		};
		C833045A21B663C500BCB0F3 /* CandyDetail */ = {
			isa = PBXGroup;
			children = (
				C833045E21B6640E00BCB0F3 /* Wireframe */,
				C833045D21B6640200BCB0F3 /* Protocols */,
				C833045C21B663EE00BCB0F3 /* Presenter */,
				C833045B21B663E100BCB0F3 /* View */,
			);
			path = CandyDetail;
			sourceTree = "<group>";
		};
		C833045B21B663E100BCB0F3 /* View */ = {
			isa = PBXGroup;
			children = (
				C833045821B65F9500BCB0F3 /* CandyDetailViewController.swift */,
			);
			path = View;
			sourceTree = "<group>";
		};
		C833045C21B663EE00BCB0F3 /* Presenter */ = {
			isa = PBXGroup;
			children = (
				C833046321B664F400BCB0F3 /* CandyDetailPresenter.swift */,
			);
			path = Presenter;
			sourceTree = "<group>";
		};
		C833045D21B6640200BCB0F3 /* Protocols */ = {
			isa = PBXGroup;
			children = (
				C833045F21B6643200BCB0F3 /* CandyDetailProtocols.swift */,
			);
			path = Protocols;
			sourceTree = "<group>";
		};
		C833045E21B6640E00BCB0F3 /* Wireframe */ = {
			isa = PBXGroup;
			children = (
				C833046121B6649200BCB0F3 /* CandyDetailWireFrame.swift */,
			);
			path = Wireframe;
			sourceTree = "<group>";
		};
		C8CC4AAB21B7B65C006321E7 /* Helper */ = {
			isa = PBXGroup;
			children = (
				C8CC4AAC21B7B679006321E7 /* Extensions.swift */,
			);
			path = Helper;
			sourceTree = "<group>";
		};
		C8CC4AAE21B7D248006321E7 /* Model */ = {
			isa = PBXGroup;
			children = (
				C833044721B653D600BCB0F3 /* DataManager.swift */,
			);
			path = Model;
			sourceTree = "<group>";
		};
/* End PBXGroup section */

/* Begin PBXNativeTarget section */
		C83303FF21B649ED00BCB0F3 /* HelloViper */ = {
			isa = PBXNativeTarget;
			buildConfigurationList = C833042821B649F000BCB0F3 /* Build configuration list for PBXNativeTarget "HelloViper" */;
			buildPhases = (
				C83303FC21B649ED00BCB0F3 /* Sources */,
				C83303FD21B649ED00BCB0F3 /* Frameworks */,
				C83303FE21B649ED00BCB0F3 /* Resources */,
			);
			buildRules = (
			);
			dependencies = (
			);
			name = HelloViper;
			productName = HelloViper;
			productReference = C833040021B649ED00BCB0F3 /* HelloViper.app */;
			productType = "com.apple.product-type.application";
		};
		C833041321B649F000BCB0F3 /* HelloViperTests */ = {
			isa = PBXNativeTarget;
			buildConfigurationList = C833042B21B649F000BCB0F3 /* Build configuration list for PBXNativeTarget "HelloViperTests" */;
			buildPhases = (
				C833041021B649F000BCB0F3 /* Sources */,
				C833041121B649F000BCB0F3 /* Frameworks */,
				C833041221B649F000BCB0F3 /* Resources */,
			);
			buildRules = (
			);
			dependencies = (
				C833041621B649F000BCB0F3 /* PBXTargetDependency */,
			);
			name = HelloViperTests;
			productName = HelloViperTests;
			productReference = C833041421B649F000BCB0F3 /* HelloViperTests.xctest */;
			productType = "com.apple.product-type.bundle.unit-test";
		};
		C833041E21B649F000BCB0F3 /* HelloViperUITests */ = {
			isa = PBXNativeTarget;
			buildConfigurationList = C833042E21B649F000BCB0F3 /* Build configuration list for PBXNativeTarget "HelloViperUITests" */;
			buildPhases = (
				C833041B21B649F000BCB0F3 /* Sources */,
				C833041C21B649F000BCB0F3 /* Frameworks */,
				C833041D21B649F000BCB0F3 /* Resources */,
			);
			buildRules = (
			);
			dependencies = (
				C833042121B649F000BCB0F3 /* PBXTargetDependency */,
			);
			name = HelloViperUITests;
			productName = HelloViperUITests;
			productReference = C833041F21B649F000BCB0F3 /* HelloViperUITests.xctest */;
			productType = "com.apple.product-type.bundle.ui-testing";
		};
/* End PBXNativeTarget section */

/* Begin PBXProject section */
		C83303F821B649ED00BCB0F3 /* Project object */ = {
			isa = PBXProject;
			attributes = {
				LastSwiftUpdateCheck = 1010;
				LastUpgradeCheck = 1010;
				ORGANIZATIONNAME = "雲端開發部-廖彥勛";
				TargetAttributes = {
					C83303FF21B649ED00BCB0F3 = {
						CreatedOnToolsVersion = 10.1;
					};
					C833041321B649F000BCB0F3 = {
						CreatedOnToolsVersion = 10.1;
						TestTargetID = C83303FF21B649ED00BCB0F3;
					};
					C833041E21B649F000BCB0F3 = {
						CreatedOnToolsVersion = 10.1;
						TestTargetID = C83303FF21B649ED00BCB0F3;
					};
				};
			};
			buildConfigurationList = C83303FB21B649ED00BCB0F3 /* Build configuration list for PBXProject "HelloViper" */;
			compatibilityVersion = "Xcode 9.3";
			developmentRegion = en;
			hasScannedForEncodings = 0;
			knownRegions = (
				en,
				Base,
			);
			mainGroup = C83303F721B649ED00BCB0F3;
			productRefGroup = C833040121B649ED00BCB0F3 /* Products */;
			projectDirPath = "";
			projectRoot = "";
			targets = (
				C83303FF21B649ED00BCB0F3 /* HelloViper */,
				C833041321B649F000BCB0F3 /* HelloViperTests */,
				C833041E21B649F000BCB0F3 /* HelloViperUITests */,
			);
		};
/* End PBXProject section */

/* Begin PBXResourcesBuildPhase section */
		C83303FE21B649ED00BCB0F3 /* Resources */ = {
			isa = PBXResourcesBuildPhase;
			buildActionMask = 2147483647;
			files = (
				C833040E21B649F000BCB0F3 /* LaunchScreen.storyboard in Resources */,
				C833040B21B649F000BCB0F3 /* Assets.xcassets in Resources */,
				C833040921B649ED00BCB0F3 /* Main.storyboard in Resources */,
			);
			runOnlyForDeploymentPostprocessing = 0;
		};
		C833041221B649F000BCB0F3 /* Resources */ = {
			isa = PBXResourcesBuildPhase;
			buildActionMask = 2147483647;
			files = (
			);
			runOnlyForDeploymentPostprocessing = 0;
		};
		C833041D21B649F000BCB0F3 /* Resources */ = {
			isa = PBXResourcesBuildPhase;
			buildActionMask = 2147483647;
			files = (
			);
			runOnlyForDeploymentPostprocessing = 0;
		};
/* End PBXResourcesBuildPhase section */

/* Begin PBXSourcesBuildPhase section */
		C83303FC21B649ED00BCB0F3 /* Sources */ = {
			isa = PBXSourcesBuildPhase;
			buildActionMask = 2147483647;
			files = (
				C833044E21B6554400BCB0F3 /* CandyListPresenter.swift in Sources */,
				C833044821B653D600BCB0F3 /* DataManager.swift in Sources */,
				C833045421B6571500BCB0F3 /* CandyListInteractor.swift in Sources */,
				C8CC4AA621B7AA43006321E7 /* CandyTableViewDelegate.swift in Sources */,
				C833045721B65F2400BCB0F3 /* CandyListWireframe.swift in Sources */,
				C833045121B655C400BCB0F3 /* CandyListProtocols.swift in Sources */,
				C8CC4AAD21B7B679006321E7 /* Extensions.swift in Sources */,
				C833044B21B6544A00BCB0F3 /* CandyListViewController.swift in Sources */,
				C833045921B65F9500BCB0F3 /* CandyDetailViewController.swift in Sources */,
				C819CC0D21B8B0E000F03FCE /* Theme.swift in Sources */,
				C82C7E0A21BA4C0F0018CC35 /* SearchFooter.swift in Sources */,
				C833046021B6643200BCB0F3 /* CandyDetailProtocols.swift in Sources */,
				C833046221B6649200BCB0F3 /* CandyDetailWireFrame.swift in Sources */,
				C833044621B6539800BCB0F3 /* Candy.swift in Sources */,
				C8CC4AA421B7A89F006321E7 /* CandyDataSource.swift in Sources */,
				C833040421B649ED00BCB0F3 /* AppDelegate.swift in Sources */,
				C8CC4AAA21B7B0FA006321E7 /* CandyTableView.swift in Sources */,
				C833046421B664F400BCB0F3 /* CandyDetailPresenter.swift in Sources */,
				C8CC4AA821B7B09C006321E7 /* CandyTableViewCell.swift in Sources */,
				C828518621B904E40014FBB9 /* SearchManager.swift in Sources */,
			);
			runOnlyForDeploymentPostprocessing = 0;
		};
		C833041021B649F000BCB0F3 /* Sources */ = {
			isa = PBXSourcesBuildPhase;
			buildActionMask = 2147483647;
			files = (
				C833041921B649F000BCB0F3 /* HelloViperTests.swift in Sources */,
			);
			runOnlyForDeploymentPostprocessing = 0;
		};
		C833041B21B649F000BCB0F3 /* Sources */ = {
			isa = PBXSourcesBuildPhase;
			buildActionMask = 2147483647;
			files = (
				C833042421B649F000BCB0F3 /* HelloViperUITests.swift in Sources */,
			);
			runOnlyForDeploymentPostprocessing = 0;
		};
/* End PBXSourcesBuildPhase section */

/* Begin PBXTargetDependency section */
		C833041621B649F000BCB0F3 /* PBXTargetDependency */ = {
			isa = PBXTargetDependency;
			target = C83303FF21B649ED00BCB0F3 /* HelloViper */;
			targetProxy = C833041521B649F000BCB0F3 /* PBXContainerItemProxy */;
		};
		C833042121B649F000BCB0F3 /* PBXTargetDependency */ = {
			isa = PBXTargetDependency;
			target = C83303FF21B649ED00BCB0F3 /* HelloViper */;
			targetProxy = C833042021B649F000BCB0F3 /* PBXContainerItemProxy */;
		};
/* End PBXTargetDependency section */

/* Begin PBXVariantGroup section */
		C833040721B649ED00BCB0F3 /* Main.storyboard */ = {
			isa = PBXVariantGroup;
			children = (
				C833040821B649ED00BCB0F3 /* Base */,
			);
			name = Main.storyboard;
			sourceTree = "<group>";
		};
		C833040C21B649F000BCB0F3 /* LaunchScreen.storyboard */ = {
			isa = PBXVariantGroup;
			children = (
				C833040D21B649F000BCB0F3 /* Base */,
			);
			name = LaunchScreen.storyboard;
			sourceTree = "<group>";
		};
/* End PBXVariantGroup section */

/* Begin XCBuildConfiguration section */
		C833042621B649F000BCB0F3 /* Debug */ = {
			isa = XCBuildConfiguration;
			buildSettings = {
				ALWAYS_SEARCH_USER_PATHS = NO;
				CLANG_ANALYZER_NONNULL = YES;
				CLANG_ANALYZER_NUMBER_OBJECT_CONVERSION = YES_AGGRESSIVE;
				CLANG_CXX_LANGUAGE_STANDARD = "gnu++14";
				CLANG_CXX_LIBRARY = "libc++";
				CLANG_ENABLE_MODULES = YES;
				CLANG_ENABLE_OBJC_ARC = YES;
				CLANG_ENABLE_OBJC_WEAK = YES;
				CLANG_WARN_BLOCK_CAPTURE_AUTORELEASING = YES;
				CLANG_WARN_BOOL_CONVERSION = YES;
				CLANG_WARN_COMMA = YES;
				CLANG_WARN_CONSTANT_CONVERSION = YES;
				CLANG_WARN_DEPRECATED_OBJC_IMPLEMENTATIONS = YES;
				CLANG_WARN_DIRECT_OBJC_ISA_USAGE = YES_ERROR;
				CLANG_WARN_DOCUMENTATION_COMMENTS = YES;
				CLANG_WARN_EMPTY_BODY = YES;
				CLANG_WARN_ENUM_CONVERSION = YES;
				CLANG_WARN_INFINITE_RECURSION = YES;
				CLANG_WARN_INT_CONVERSION = YES;
				CLANG_WARN_NON_LITERAL_NULL_CONVERSION = YES;
				CLANG_WARN_OBJC_IMPLICIT_RETAIN_SELF = YES;
				CLANG_WARN_OBJC_LITERAL_CONVERSION = YES;
				CLANG_WARN_OBJC_ROOT_CLASS = YES_ERROR;
				CLANG_WARN_RANGE_LOOP_ANALYSIS = YES;
				CLANG_WARN_STRICT_PROTOTYPES = YES;
				CLANG_WARN_SUSPICIOUS_MOVE = YES;
				CLANG_WARN_UNGUARDED_AVAILABILITY = YES_AGGRESSIVE;
				CLANG_WARN_UNREACHABLE_CODE = YES;
				CLANG_WARN__DUPLICATE_METHOD_MATCH = YES;
				CODE_SIGN_IDENTITY = "iPhone Developer";
				COPY_PHASE_STRIP = NO;
				DEBUG_INFORMATION_FORMAT = dwarf;
				ENABLE_STRICT_OBJC_MSGSEND = YES;
				ENABLE_TESTABILITY = YES;
				GCC_C_LANGUAGE_STANDARD = gnu11;
				GCC_DYNAMIC_NO_PIC = NO;
				GCC_NO_COMMON_BLOCKS = YES;
				GCC_OPTIMIZATION_LEVEL = 0;
				GCC_PREPROCESSOR_DEFINITIONS = (
					"DEBUG=1",
					"$(inherited)",
				);
				GCC_WARN_64_TO_32_BIT_CONVERSION = YES;
				GCC_WARN_ABOUT_RETURN_TYPE = YES_ERROR;
				GCC_WARN_UNDECLARED_SELECTOR = YES;
				GCC_WARN_UNINITIALIZED_AUTOS = YES_AGGRESSIVE;
				GCC_WARN_UNUSED_FUNCTION = YES;
				GCC_WARN_UNUSED_VARIABLE = YES;
				IPHONEOS_DEPLOYMENT_TARGET = 12.1;
				MTL_ENABLE_DEBUG_INFO = INCLUDE_SOURCE;
				MTL_FAST_MATH = YES;
				ONLY_ACTIVE_ARCH = YES;
				SDKROOT = iphoneos;
				SWIFT_ACTIVE_COMPILATION_CONDITIONS = DEBUG;
				SWIFT_OPTIMIZATION_LEVEL = "-Onone";
			};
			name = Debug;
		};
		C833042721B649F000BCB0F3 /* Release */ = {
			isa = XCBuildConfiguration;
			buildSettings = {
				ALWAYS_SEARCH_USER_PATHS = NO;
				CLANG_ANALYZER_NONNULL = YES;
				CLANG_ANALYZER_NUMBER_OBJECT_CONVERSION = YES_AGGRESSIVE;
				CLANG_CXX_LANGUAGE_STANDARD = "gnu++14";
				CLANG_CXX_LIBRARY = "libc++";
				CLANG_ENABLE_MODULES = YES;
				CLANG_ENABLE_OBJC_ARC = YES;
				CLANG_ENABLE_OBJC_WEAK = YES;
				CLANG_WARN_BLOCK_CAPTURE_AUTORELEASING = YES;
				CLANG_WARN_BOOL_CONVERSION = YES;
				CLANG_WARN_COMMA = YES;
				CLANG_WARN_CONSTANT_CONVERSION = YES;
				CLANG_WARN_DEPRECATED_OBJC_IMPLEMENTATIONS = YES;
				CLANG_WARN_DIRECT_OBJC_ISA_USAGE = YES_ERROR;
				CLANG_WARN_DOCUMENTATION_COMMENTS = YES;
				CLANG_WARN_EMPTY_BODY = YES;
				CLANG_WARN_ENUM_CONVERSION = YES;
				CLANG_WARN_INFINITE_RECURSION = YES;
				CLANG_WARN_INT_CONVERSION = YES;
				CLANG_WARN_NON_LITERAL_NULL_CONVERSION = YES;
				CLANG_WARN_OBJC_IMPLICIT_RETAIN_SELF = YES;
				CLANG_WARN_OBJC_LITERAL_CONVERSION = YES;
				CLANG_WARN_OBJC_ROOT_CLASS = YES_ERROR;
				CLANG_WARN_RANGE_LOOP_ANALYSIS = YES;
				CLANG_WARN_STRICT_PROTOTYPES = YES;
				CLANG_WARN_SUSPICIOUS_MOVE = YES;
				CLANG_WARN_UNGUARDED_AVAILABILITY = YES_AGGRESSIVE;
				CLANG_WARN_UNREACHABLE_CODE = YES;
				CLANG_WARN__DUPLICATE_METHOD_MATCH = YES;
				CODE_SIGN_IDENTITY = "iPhone Developer";
				COPY_PHASE_STRIP = NO;
				DEBUG_INFORMATION_FORMAT = "dwarf-with-dsym";
				ENABLE_NS_ASSERTIONS = NO;
				ENABLE_STRICT_OBJC_MSGSEND = YES;
				GCC_C_LANGUAGE_STANDARD = gnu11;
				GCC_NO_COMMON_BLOCKS = YES;
				GCC_WARN_64_TO_32_BIT_CONVERSION = YES;
				GCC_WARN_ABOUT_RETURN_TYPE = YES_ERROR;
				GCC_WARN_UNDECLARED_SELECTOR = YES;
				GCC_WARN_UNINITIALIZED_AUTOS = YES_AGGRESSIVE;
				GCC_WARN_UNUSED_FUNCTION = YES;
				GCC_WARN_UNUSED_VARIABLE = YES;
				IPHONEOS_DEPLOYMENT_TARGET = 12.1;
				MTL_ENABLE_DEBUG_INFO = NO;
				MTL_FAST_MATH = YES;
				SDKROOT = iphoneos;
				SWIFT_COMPILATION_MODE = wholemodule;
				SWIFT_OPTIMIZATION_LEVEL = "-O";
				VALIDATE_PRODUCT = YES;
			};
			name = Release;
		};
		C833042921B649F000BCB0F3 /* Debug */ = {
			isa = XCBuildConfiguration;
			buildSettings = {
				ASSETCATALOG_COMPILER_APPICON_NAME = AppIcon;
				CODE_SIGN_STYLE = Automatic;
				INFOPLIST_FILE = HelloViper/Info.plist;
				LD_RUNPATH_SEARCH_PATHS = (
					"$(inherited)",
					"@executable_path/Frameworks",
				);
				PRODUCT_BUNDLE_IDENTIFIER = william.HelloViper;
				PRODUCT_NAME = "$(TARGET_NAME)";
				SWIFT_VERSION = 5.0;
				TARGETED_DEVICE_FAMILY = "1,2";
			};
			name = Debug;
		};
		C833042A21B649F000BCB0F3 /* Release */ = {
			isa = XCBuildConfiguration;
			buildSettings = {
				ASSETCATALOG_COMPILER_APPICON_NAME = AppIcon;
				CODE_SIGN_STYLE = Automatic;
				INFOPLIST_FILE = HelloViper/Info.plist;
				LD_RUNPATH_SEARCH_PATHS = (
					"$(inherited)",
					"@executable_path/Frameworks",
				);
				PRODUCT_BUNDLE_IDENTIFIER = william.HelloViper;
				PRODUCT_NAME = "$(TARGET_NAME)";
				SWIFT_VERSION = 5.0;
				TARGETED_DEVICE_FAMILY = "1,2";
			};
			name = Release;
		};
		C833042C21B649F000BCB0F3 /* Debug */ = {
			isa = XCBuildConfiguration;
			buildSettings = {
				ALWAYS_EMBED_SWIFT_STANDARD_LIBRARIES = YES;
				BUNDLE_LOADER = "$(TEST_HOST)";
				CODE_SIGN_STYLE = Automatic;
				INFOPLIST_FILE = HelloViperTests/Info.plist;
				LD_RUNPATH_SEARCH_PATHS = (
					"$(inherited)",
					"@executable_path/Frameworks",
					"@loader_path/Frameworks",
				);
				PRODUCT_BUNDLE_IDENTIFIER = william.HelloViperTests;
				PRODUCT_NAME = "$(TARGET_NAME)";
				SWIFT_VERSION = 4.2;
				TARGETED_DEVICE_FAMILY = "1,2";
				TEST_HOST = "$(BUILT_PRODUCTS_DIR)/HelloViper.app/HelloViper";
			};
			name = Debug;
		};
		C833042D21B649F000BCB0F3 /* Release */ = {
			isa = XCBuildConfiguration;
			buildSettings = {
				ALWAYS_EMBED_SWIFT_STANDARD_LIBRARIES = YES;
				BUNDLE_LOADER = "$(TEST_HOST)";
				CODE_SIGN_STYLE = Automatic;
				INFOPLIST_FILE = HelloViperTests/Info.plist;
				LD_RUNPATH_SEARCH_PATHS = (
					"$(inherited)",
					"@executable_path/Frameworks",
					"@loader_path/Frameworks",
				);
				PRODUCT_BUNDLE_IDENTIFIER = william.HelloViperTests;
				PRODUCT_NAME = "$(TARGET_NAME)";
				SWIFT_VERSION = 4.2;
				TARGETED_DEVICE_FAMILY = "1,2";
				TEST_HOST = "$(BUILT_PRODUCTS_DIR)/HelloViper.app/HelloViper";
			};
			name = Release;
		};
		C833042F21B649F000BCB0F3 /* Debug */ = {
			isa = XCBuildConfiguration;
			buildSettings = {
				ALWAYS_EMBED_SWIFT_STANDARD_LIBRARIES = YES;
				CODE_SIGN_STYLE = Automatic;
				INFOPLIST_FILE = HelloViperUITests/Info.plist;
				LD_RUNPATH_SEARCH_PATHS = (
					"$(inherited)",
					"@executable_path/Frameworks",
					"@loader_path/Frameworks",
				);
				PRODUCT_BUNDLE_IDENTIFIER = william.HelloViperUITests;
				PRODUCT_NAME = "$(TARGET_NAME)";
				SWIFT_VERSION = 4.2;
				TARGETED_DEVICE_FAMILY = "1,2";
				TEST_TARGET_NAME = HelloViper;
			};
			name = Debug;
		};
		C833043021B649F000BCB0F3 /* Release */ = {
			isa = XCBuildConfiguration;
			buildSettings = {
				ALWAYS_EMBED_SWIFT_STANDARD_LIBRARIES = YES;
				CODE_SIGN_STYLE = Automatic;
				INFOPLIST_FILE = HelloViperUITests/Info.plist;
				LD_RUNPATH_SEARCH_PATHS = (
					"$(inherited)",
					"@executable_path/Frameworks",
					"@loader_path/Frameworks",
				);
				PRODUCT_BUNDLE_IDENTIFIER = william.HelloViperUITests;
				PRODUCT_NAME = "$(TARGET_NAME)";
				SWIFT_VERSION = 4.2;
				TARGETED_DEVICE_FAMILY = "1,2";
				TEST_TARGET_NAME = HelloViper;
			};
			name = Release;
		};
/* End XCBuildConfiguration section */

/* Begin XCConfigurationList section */
		C83303FB21B649ED00BCB0F3 /* Build configuration list for PBXProject "HelloViper" */ = {
			isa = XCConfigurationList;
			buildConfigurations = (
				C833042621B649F000BCB0F3 /* Debug */,
				C833042721B649F000BCB0F3 /* Release */,
			);
			defaultConfigurationIsVisible = 0;
			defaultConfigurationName = Release;
		};
		C833042821B649F000BCB0F3 /* Build configuration list for PBXNativeTarget "HelloViper" */ = {
			isa = XCConfigurationList;
			buildConfigurations = (
				C833042921B649F000BCB0F3 /* Debug */,
				C833042A21B649F000BCB0F3 /* Release */,
			);
			defaultConfigurationIsVisible = 0;
			defaultConfigurationName = Release;
		};
		C833042B21B649F000BCB0F3 /* Build configuration list for PBXNativeTarget "HelloViperTests" */ = {
			isa = XCConfigurationList;
			buildConfigurations = (
				C833042C21B649F000BCB0F3 /* Debug */,
				C833042D21B649F000BCB0F3 /* Release */,
			);
			defaultConfigurationIsVisible = 0;
			defaultConfigurationName = Release;
		};
		C833042E21B649F000BCB0F3 /* Build configuration list for PBXNativeTarget "HelloViperUITests" */ = {
			isa = XCConfigurationList;
			buildConfigurations = (
				C833042F21B649F000BCB0F3 /* Debug */,
				C833043021B649F000BCB0F3 /* Release */,
			);
			defaultConfigurationIsVisible = 0;
			defaultConfigurationName = Release;
		};
/* End XCConfigurationList section */
	};
	rootObject = C83303F821B649ED00BCB0F3 /* Project object */;
}
